
Microsoft Visual Studio Solution File, Format Version 12.00
# Visual Studio 15
VisualStudioVersion = 15.0.27703.2026
MinimumVisualStudioVersion = 10.0.40219.1
Project("{FAE04EC0-301F-11D3-BF4B-00C04F79EFBC}") = "Tlrg", "TlrgAutomation\Tlrg.csproj", "{A6D037B4-84DE-48DA-967E-1FFF91060036}"
EndProject
Global
	GlobalSection(SolutionConfigurationPlatforms) = preSolution
		Debug|Any CPU = Debug|Any CPU
		Release|Any CPU = Release|Any CPU
	EndGlobalSection
	GlobalSection(ProjectConfigurationPlatforms) = postSolution
		{A6D037B4-84DE-48DA-967E-1FFF91060036}.Debug|Any CPU.ActiveCfg = Debug|Any CPU
		{A6D037B4-84DE-48DA-967E-1FFF91060036}.Debug|Any CPU.Build.0 = Debug|Any CPU
		{A6D037B4-84DE-48DA-967E-1FFF91060036}.Release|Any CPU.ActiveCfg = Release|Any CPU
		{A6D037B4-84DE-48DA-967E-1FFF91060036}.Release|Any CPU.Build.0 = Release|Any CPU
	EndGlobalSection
	GlobalSection(SolutionProperties) = preSolution
		HideSolutionNode = FALSE
	EndGlobalSection
	GlobalSection(ExtensibilityGlobals) = postSolution
		SolutionGuid = {ED3FA9C3-ACC1-4A5D-8EA0-8B57798B5596}
	EndGlobalSection
EndGlobal
