
Microsoft Visual Studio Solution File, Format Version 12.00
# Visual Studio 15
VisualStudioVersion = 15.0.27703.2047
MinimumVisualStudioVersion = 10.0.40219.1
Project("{FAE04EC0-301F-11D3-BF4B-00C04F79EFBC}") = "TlrgAutomation", "TlrgAutomation\TlrgAutomation.csproj", "{B541646B-94CC-4660-A8F0-32B2C95EA694}"
EndProject
Global
	GlobalSection(SolutionConfigurationPlatforms) = preSolution
		Debug|Any CPU = Debug|Any CPU
		Release|Any CPU = Release|Any CPU
	EndGlobalSection
	GlobalSection(ProjectConfigurationPlatforms) = postSolution
		{B541646B-94CC-4660-A8F0-32B2C95EA694}.Debug|Any CPU.ActiveCfg = Debug|Any CPU
		{B541646B-94CC-4660-A8F0-32B2C95EA694}.Debug|Any CPU.Build.0 = Debug|Any CPU
		{B541646B-94CC-4660-A8F0-32B2C95EA694}.Release|Any CPU.ActiveCfg = Debug|Any CPU
		{B541646B-94CC-4660-A8F0-32B2C95EA694}.Release|Any CPU.Build.0 = Debug|Any CPU
	EndGlobalSection
	GlobalSection(SolutionProperties) = preSolution
		HideSolutionNode = FALSE
	EndGlobalSection
	GlobalSection(ExtensibilityGlobals) = postSolution
		SolutionGuid = {BB64CEE5-20DE-4BD7-ADC3-D8F252D896D9}
	EndGlobalSection
EndGlobal
